
Microsoft Visual Studio Solution File, Format Version 12.00
# Visual Studio Version 17
VisualStudioVersion = 17.7.34221.43
MinimumVisualStudioVersion = 10.0.40219.1
Project("{8BC9CEB8-8B4A-11D0-8D11-00A0C91BC942}") = "ConsoleApplication1", "ConsoleApplication1\ConsoleApplication1.vcxproj", "{5C14A11D-1AFF-4AF3-B7F8-6548C9CB56DE}"
EndProject
Global
	GlobalSection(SolutionConfigurationPlatforms) = preSolution
		Debug|x64 = Debug|x64
		Debug|x86 = Debug|x86
		Release|x64 = Release|x64
		Release|x86 = Release|x86
	EndGlobalSection
	GlobalSection(ProjectConfigurationPlatforms) = postSolution
		{5C14A11D-1AFF-4AF3-B7F8-6548C9CB56DE}.Debug|x64.ActiveCfg = Debug|x64
		{5C14A11D-1AFF-4AF3-B7F8-6548C9CB56DE}.Debug|x64.Build.0 = Debug|x64
		{5C14A11D-1AFF-4AF3-B7F8-6548C9CB56DE}.Debug|x86.ActiveCfg = Debug|Win32
		{5C14A11D-1AFF-4AF3-B7F8-6548C9CB56DE}.Debug|x86.Build.0 = Debug|Win32
		{5C14A11D-1AFF-4AF3-B7F8-6548C9CB56DE}.Release|x64.ActiveCfg = Release|x64
		{5C14A11D-1AFF-4AF3-B7F8-6548C9CB56DE}.Release|x64.Build.0 = Release|x64
		{5C14A11D-1AFF-4AF3-B7F8-6548C9CB56DE}.Release|x86.ActiveCfg = Release|Win32
		{5C14A11D-1AFF-4AF3-B7F8-6548C9CB56DE}.Release|x86.Build.0 = Release|Win32
	EndGlobalSection
	GlobalSection(SolutionProperties) = preSolution
		HideSolutionNode = FALSE
	EndGlobalSection
	GlobalSection(ExtensibilityGlobals) = postSolution
		SolutionGuid = {83554087-EB3A-4F0C-8181-E8874EC8C8D0}
	EndGlobalSection
EndGlobal
